# THIS IS AN AUTOGENERATED FILE. DO NOT EDIT THIS FILE DIRECTLY.
# yarn lockfile v1


camelcase@^5.0.0:
  version "5.0.0"
  resolved "https://registry.yarnpkg.com/camelcase/-/camelcase-5.0.0.tgz#03295527d58bd3cd4aa75363f35b2e8d97be2f42"

prettier@^1.12.0:
  version "1.12.0"
  resolved "https://registry.yarnpkg.com/prettier/-/prettier-1.12.0.tgz#d26fc5894b9230de97629b39cae225b503724ce8"

swagger-axios-codegen@^0.0.2:
  version "0.0.2"
  resolved "https://registry.yarnpkg.com/swagger-axios-codegen/-/swagger-axios-codegen-0.0.2.tgz#076a344dcd8196a4df4a4dc97c1181f373760694"
  dependencies:
    camelcase "^5.0.0"
    prettier "^1.12.0"
