{
  "name": "swagger-axios-codegen",
  "version": "0.1.1",
  "lockfileVersion": 1,
  "requires": true,
  "dependencies": {
    "@types/camelcase": {
      "version": "4.1.0",
      "resolved": "https://npm.biggersoft.com/@types%2fcamelcase/-/camelcase-4.1.0.tgz",
      "integrity": "sha512-nsaprOtNLvUrLyFX5+mRpE9h2Q0d5YzQRr+Lav3fxdYtc1/E/U7G+Ld861NWBDDtWY3MnwKoUOhCrE1nrVxUQA==",
      "dev": true
    },
    "@types/node": {
      "version": "9.6.6",
      "resolved": "https://npm.biggersoft.com/@types%2fnode/-/node-9.6.6.tgz",
      "integrity": "sha512-SJe0g5cZeGNDP5sD8mIX3scb+eq8LQQZ60FXiKZHipYSeEFZ5EKml+NNMiO76F74TY4PoMWlNxF/YRY40FOvZQ==",
      "dev": true
    },
    "@types/prettier": {
      "version": "1.12.0",
      "resolved": "https://npm.biggersoft.com/@types%2fprettier/-/prettier-1.12.0.tgz",
      "integrity": "sha512-W8/kDBciImLUfX/VLBm7Tbs6Gh3ZP8wU6iJA2qraVrTMHF9jj1hZ1x2f2+P8RuvQk/Zvi4CifXRIl4/LcTvzyQ==",
      "dev": true
    },
    "axios": {
      "version": "0.18.0",
      "resolved": "https://npm.biggersoft.com/axios/-/axios-0.18.0.tgz",
      "integrity": "sha1-MtU+SFHv3AoRmTts0AB4nXDAUQI=",
      "requires": {
        "follow-redirects": "1.4.1",
        "is-buffer": "1.1.6"
      }
    },
    "camelcase": {
      "version": "5.0.0",
      "resolved": "https://npm.biggersoft.com/camelcase/-/camelcase-5.0.0.tgz",
      "integrity": "sha512-faqwZqnWxbxn+F1d399ygeamQNy3lPp/H9H6rNrqYh4FSVCtcY+3cub1MxA8o9mDd55mM8Aghuu/kuyYA6VTsA=="
    },
    "debug": {
      "version": "3.1.0",
      "resolved": "https://npm.biggersoft.com/debug/-/debug-3.1.0.tgz",
      "integrity": "sha512-OX8XqP7/1a9cqkxYw2yXss15f26NKWBpDXQd0/uK/KPqdQhxbPa994hnzjcE2VqQpDslf55723cKPUOGSmMY3g==",
      "requires": {
        "ms": "2.0.0"
      }
    },
    "follow-redirects": {
      "version": "1.4.1",
      "resolved": "https://npm.biggersoft.com/follow-redirects/-/follow-redirects-1.4.1.tgz",
      "integrity": "sha512-uxYePVPogtya1ktGnAAXOacnbIuRMB4dkvqeNz2qTtTQsuzSfbDolV+wMMKxAmCx0bLgAKLbBOkjItMbbkR1vg==",
      "requires": {
        "debug": "3.1.0"
      }
    },
    "is-buffer": {
      "version": "1.1.6",
      "resolved": "https://npm.biggersoft.com/is-buffer/-/is-buffer-1.1.6.tgz",
      "integrity": "sha512-NcdALwpXkTm5Zvvbk7owOUSvVvBKDgKP5/ewfXEznmQFfs4ZRmanOeKBTjRVjka3QFoN6XJ+9F3USqfHqTaU5w=="
    },
    "ms": {
      "version": "2.0.0",
      "resolved": "https://npm.biggersoft.com/ms/-/ms-2.0.0.tgz",
      "integrity": "sha1-VgiurfwAvmwpAd9fmGF4jeDVl8g="
    },
    "prettier": {
      "version": "1.12.1",
      "resolved": "https://npm.biggersoft.com/prettier/-/prettier-1.12.1.tgz",
      "integrity": "sha1-wa0g6APndJ+vkFpAnSNn4Gu+cyU="
    },
    "typescript": {
      "version": "2.8.3",
      "resolved": "https://npm.biggersoft.com/typescript/-/typescript-2.8.3.tgz",
      "integrity": "sha512-K7g15Bb6Ra4lKf7Iq2l/I5/En+hLIHmxWZGq3D4DIRNFxMNV6j2SHSvDOqs2tGd4UvD/fJvrwopzQXjLrT7Itw==",
      "dev": true
    }
  }
}
