# THIS IS AN AUTOGENERATED FILE. DO NOT EDIT THIS FILE DIRECTLY.
# yarn lockfile v1


"@types/camelcase@^4.1.0":
  version "4.1.0"
  resolved "http://registry.npm.taobao.org/@types/camelcase/download/@types/camelcase-4.1.0.tgz#e054f7986f31658d49936261b5cd4588ef29d1ee"

"@types/node@^9.6.0":
  version "9.6.18"
  resolved "http://registry.npm.taobao.org/@types/node/download/@types/node-9.6.18.tgz#092e13ef64c47e986802c9c45a61c1454813b31d"

"@types/prettier@^1.12.2":
  version "1.12.2"
  resolved "http://registry.npm.taobao.org/@types/prettier/download/@types/prettier-1.12.2.tgz#4a37f0aa8ed20366ada6fa7994b1c6dfe787fdd1"

axios@^0.18.0:
  version "0.18.0"
  resolved "http://registry.npm.taobao.org/axios/download/axios-0.18.0.tgz#32d53e4851efdc0a11993b6cd000789d70c05102"
  dependencies:
    follow-redirects "^1.3.0"
    is-buffer "^1.1.5"

camelcase@^5.0.0:
  version "5.0.0"
  resolved "http://registry.npm.taobao.org/camelcase/download/camelcase-5.0.0.tgz#03295527d58bd3cd4aa75363f35b2e8d97be2f42"

debug@^3.1.0:
  version "3.1.0"
  resolved "http://registry.npm.taobao.org/debug/download/debug-3.1.0.tgz#5bb5a0672628b64149566ba16819e61518c67261"
  dependencies:
    ms "2.0.0"

follow-redirects@^1.3.0:
  version "1.5.0"
  resolved "http://registry.npm.taobao.org/follow-redirects/download/follow-redirects-1.5.0.tgz#234f49cf770b7f35b40e790f636ceba0c3a0ab77"
  dependencies:
    debug "^3.1.0"

is-buffer@^1.1.5:
  version "1.1.6"
  resolved "http://registry.npm.taobao.org/is-buffer/download/is-buffer-1.1.6.tgz#efaa2ea9daa0d7ab2ea13a97b2b8ad51fefbe8be"

ms@2.0.0:
  version "2.0.0"
  resolved "http://registry.npm.taobao.org/ms/download/ms-2.0.0.tgz#5608aeadfc00be6c2901df5f9861788de0d597c8"

pascalcase@^0.1.1:
  version "0.1.1"
  resolved "http://registry.npm.taobao.org/pascalcase/download/pascalcase-0.1.1.tgz#b363e55e8006ca6fe21784d2db22bd15d7917f14"

prettier@^1.12.1:
  version "1.12.1"
  resolved "http://registry.npm.taobao.org/prettier/download/prettier-1.12.1.tgz#c1ad20e803e7749faf905a409d2367e06bbe7325"

typescript@^2.8.3:
  version "2.8.3"
  resolved "http://registry.npm.taobao.org/typescript/download/typescript-2.8.3.tgz#5d817f9b6f31bb871835f4edf0089f21abe6c170"
