# THIS IS AN AUTOGENERATED FILE. DO NOT EDIT THIS FILE DIRECTLY.
# yarn lockfile v1


"@types/camelcase@^4.1.0":
  version "4.1.0"
  resolved "http://r.cnpmjs.org/@types/camelcase/download/@types/camelcase-4.1.0.tgz#e054f7986f31658d49936261b5cd4588ef29d1ee"

"@types/js-beautify@^0.0.31":
  version "0.0.31"
  resolved "http://r.cnpmjs.org/@types/js-beautify/download/@types/js-beautify-0.0.31.tgz#bd3512cc8d24340b6403518cccbb2a7d550b9a55"

"@types/node@^9.6.0":
  version "9.6.0"
  resolved "http://r.cnpmjs.org/@types/node/download/@types/node-9.6.0.tgz#d3480ee666df9784b1001a1872a2f6ccefb6c2d7"

"@types/prettier@^1.12.0":
  version "1.12.0"
  resolved "http://r.cnpmjs.org/@types/prettier/download/@types/prettier-1.12.0.tgz#61ed6bdc64386f49c9e1f179cf84ef26ddc4740c"

abbrev@1:
  version "1.1.1"
  resolved "http://r.cnpmjs.org/abbrev/download/abbrev-1.1.1.tgz#f8f2c887ad10bf67f634f005b6987fed3179aac8"

axios@^0.18.0:
  version "0.18.0"
  resolved "http://r.cnpmjs.org/axios/download/axios-0.18.0.tgz#32d53e4851efdc0a11993b6cd000789d70c05102"
  dependencies:
    follow-redirects "^1.3.0"
    is-buffer "^1.1.5"

bluebird@^3.0.5:
  version "3.5.1"
  resolved "http://r.cnpmjs.org/bluebird/download/bluebird-3.5.1.tgz#d9551f9de98f1fcda1e683d17ee91a0602ee2eb9"

camelcase@^5.0.0:
  version "5.0.0"
  resolved "http://r.cnpmjs.org/camelcase/download/camelcase-5.0.0.tgz#03295527d58bd3cd4aa75363f35b2e8d97be2f42"

commander@^2.9.0:
  version "2.15.1"
  resolved "http://r.cnpmjs.org/commander/download/commander-2.15.1.tgz#df46e867d0fc2aec66a34662b406a9ccafff5b0f"

config-chain@~1.1.5:
  version "1.1.11"
  resolved "http://r.cnpmjs.org/config-chain/download/config-chain-1.1.11.tgz#aba09747dfbe4c3e70e766a6e41586e1859fc6f2"
  dependencies:
    ini "^1.3.4"
    proto-list "~1.2.1"

debug@^3.1.0:
  version "3.1.0"
  resolved "http://r.cnpmjs.org/debug/download/debug-3.1.0.tgz#5bb5a0672628b64149566ba16819e61518c67261"
  dependencies:
    ms "2.0.0"

editorconfig@^0.13.2:
  version "0.13.3"
  resolved "http://r.cnpmjs.org/editorconfig/download/editorconfig-0.13.3.tgz#e5219e587951d60958fd94ea9a9a008cdeff1b34"
  dependencies:
    bluebird "^3.0.5"
    commander "^2.9.0"
    lru-cache "^3.2.0"
    semver "^5.1.0"
    sigmund "^1.0.1"

follow-redirects@^1.3.0:
  version "1.4.1"
  resolved "http://r.cnpmjs.org/follow-redirects/download/follow-redirects-1.4.1.tgz#d8120f4518190f55aac65bb6fc7b85fcd666d6aa"
  dependencies:
    debug "^3.1.0"

ini@^1.3.4:
  version "1.3.5"
  resolved "http://r.cnpmjs.org/ini/download/ini-1.3.5.tgz#eee25f56db1c9ec6085e0c22778083f596abf927"

is-buffer@^1.1.5:
  version "1.1.6"
  resolved "http://r.cnpmjs.org/is-buffer/download/is-buffer-1.1.6.tgz#efaa2ea9daa0d7ab2ea13a97b2b8ad51fefbe8be"

js-beautify@^1.7.5:
  version "1.7.5"
  resolved "http://r.cnpmjs.org/js-beautify/download/js-beautify-1.7.5.tgz#69d9651ef60dbb649f65527b53674950138a7919"
  dependencies:
    config-chain "~1.1.5"
    editorconfig "^0.13.2"
    mkdirp "~0.5.0"
    nopt "~3.0.1"

lru-cache@^3.2.0:
  version "3.2.0"
  resolved "http://r.cnpmjs.org/lru-cache/download/lru-cache-3.2.0.tgz#71789b3b7f5399bec8565dda38aa30d2a097efee"
  dependencies:
    pseudomap "^1.0.1"

minimist@0.0.8:
  version "0.0.8"
  resolved "http://r.cnpmjs.org/minimist/download/minimist-0.0.8.tgz#857fcabfc3397d2625b8228262e86aa7a011b05d"

mkdirp@~0.5.0:
  version "0.5.1"
  resolved "http://r.cnpmjs.org/mkdirp/download/mkdirp-0.5.1.tgz#30057438eac6cf7f8c4767f38648d6697d75c903"
  dependencies:
    minimist "0.0.8"

ms@2.0.0:
  version "2.0.0"
  resolved "http://r.cnpmjs.org/ms/download/ms-2.0.0.tgz#5608aeadfc00be6c2901df5f9861788de0d597c8"

nopt@~3.0.1:
  version "3.0.6"
  resolved "http://r.cnpmjs.org/nopt/download/nopt-3.0.6.tgz#c6465dbf08abcd4db359317f79ac68a646b28ff9"
  dependencies:
    abbrev "1"

prettier@^1.12.0:
  version "1.12.0"
  resolved "http://r.cnpmjs.org/prettier/download/prettier-1.12.0.tgz#d26fc5894b9230de97629b39cae225b503724ce8"

proto-list@~1.2.1:
  version "1.2.4"
  resolved "http://r.cnpmjs.org/proto-list/download/proto-list-1.2.4.tgz#212d5bfe1318306a420f6402b8e26ff39647a849"

pseudomap@^1.0.1:
  version "1.0.2"
  resolved "http://r.cnpmjs.org/pseudomap/download/pseudomap-1.0.2.tgz#f052a28da70e618917ef0a8ac34c1ae5a68286b3"

semver@^5.1.0:
  version "5.5.0"
  resolved "http://r.cnpmjs.org/semver/download/semver-5.5.0.tgz#dc4bbc7a6ca9d916dee5d43516f0092b58f7b8ab"

sigmund@^1.0.1:
  version "1.0.1"
  resolved "http://r.cnpmjs.org/sigmund/download/sigmund-1.0.1.tgz#3ff21f198cad2175f9f3b781853fd94d0d19b590"
